<?xml version="1.0" encoding="utf-8"?>
<Project ToolsVersion="4.0" xmlns="http://schemas.microsoft.com/developer/msbuild/2003">
  <ItemGroup>
    <ClCompile Include="Game.cpp" />
    <ClCompile Include="Skeleton.cpp" />
    <ClCompile Include="..\Sources\Core\Camera.cpp">
      <Filter>GraviEngine\Core</Filter>
    </ClCompile>
    <ClCompile Include="..\Sources\Core\Input.cpp">
      <Filter>GraviEngine\Core</Filter>
    </ClCompile>
    <ClCompile Include="..\Sources\Core\Master.cpp">
      <Filter>GraviEngine\Core</Filter>
    </ClCompile>
    <ClCompile Include="..\Sources\Core\RenderGL.cpp">
      <Filter>GraviEngine\Core</Filter>
    </ClCompile>
    <ClCompile Include="..\Sources\Entity\Box.cpp">
      <Filter>GraviEngine\Entity</Filter>
    </ClCompile>
    <ClCompile Include="..\Sources\Entity\Line.cpp">
      <Filter>GraviEngine\Entity</Filter>
    </ClCompile>
    <ClCompile Include="..\Sources\Entity\Mass.cpp">
      <Filter>GraviEngine\Entity</Filter>
    </ClCompile>
    <ClCompile Include="..\Sources\Entity\Sky.cpp">
      <Filter>GraviEngine\Entity</Filter>
    </ClCompile>
    <ClCompile Include="..\Sources\Entity\Smoke.cpp">
      <Filter>GraviEngine\Entity</Filter>
    </ClCompile>
    <ClCompile Include="..\Sources\Entity\Star.cpp">
      <Filter>GraviEngine\Entity</Filter>
    </ClCompile>
    <ClCompile Include="..\Sources\Entity\Video.cpp">
      <Filter>GraviEngine\Entity</Filter>
    </ClCompile>
    <ClCompile Include="..\Sources\Entity\Wave.cpp">
      <Filter>GraviEngine\Entity</Filter>
    </ClCompile>
    <ClCompile Include="..\Sources\Entity\WaveOut.cpp">
      <Filter>GraviEngine\Entity</Filter>
    </ClCompile>
    <ClCompile Include="..\Sources\Math\Random.cpp">
      <Filter>GraviEngine\Math</Filter>
    </ClCompile>
    <ClCompile Include="..\Sources\Math\Tensus.cpp">
      <Filter>GraviEngine\Math</Filter>
    </ClCompile>
    <ClCompile Include="..\Sources\GameBase.cpp">
      <Filter>GraviEngine</Filter>
    </ClCompile>
  </ItemGroup>
  <ItemGroup>
    <ClInclude Include="Game.h" />
    <ClInclude Include="..\Sources\Core\Camera.h">
      <Filter>GraviEngine\Core</Filter>
    </ClInclude>
    <ClInclude Include="..\Sources\Core\Defines.h">
      <Filter>GraviEngine\Core</Filter>
    </ClInclude>
    <ClInclude Include="..\Sources\Core\Input.h">
      <Filter>GraviEngine\Core</Filter>
    </ClInclude>
    <ClInclude Include="..\Sources\Core\Master.h">
      <Filter>GraviEngine\Core</Filter>
    </ClInclude>
    <ClInclude Include="..\Sources\Core\Render.h">
      <Filter>GraviEngine\Core</Filter>
    </ClInclude>
    <ClInclude Include="..\Sources\Core\RenderGL.h">
      <Filter>GraviEngine\Core</Filter>
    </ClInclude>
    <ClInclude Include="..\Sources\Entity\BaseEntity.h">
      <Filter>GraviEngine\Entity</Filter>
    </ClInclude>
    <ClInclude Include="..\Sources\Entity\Box.h">
      <Filter>GraviEngine\Entity</Filter>
    </ClInclude>
    <ClInclude Include="..\Sources\Entity\Entity.h">
      <Filter>GraviEngine\Entity</Filter>
    </ClInclude>
    <ClInclude Include="..\Sources\Entity\Line.h">
      <Filter>GraviEngine\Entity</Filter>
    </ClInclude>
    <ClInclude Include="..\Sources\Entity\Mass.h">
      <Filter>GraviEngine\Entity</Filter>
    </ClInclude>
    <ClInclude Include="..\Sources\Entity\Sky.h">
      <Filter>GraviEngine\Entity</Filter>
    </ClInclude>
    <ClInclude Include="..\Sources\Entity\Smoke.h">
      <Filter>GraviEngine\Entity</Filter>
    </ClInclude>
    <ClInclude Include="..\Sources\Entity\Star.h">
      <Filter>GraviEngine\Entity</Filter>
    </ClInclude>
    <ClInclude Include="..\Sources\Entity\Video.h">
      <Filter>GraviEngine\Entity</Filter>
    </ClInclude>
    <ClInclude Include="..\Sources\Entity\Wave.h">
      <Filter>GraviEngine\Entity</Filter>
    </ClInclude>
    <ClInclude Include="..\Sources\Entity\WaveOut.h">
      <Filter>GraviEngine\Entity</Filter>
    </ClInclude>
    <ClInclude Include="..\Sources\Math\Color.h">
      <Filter>GraviEngine\Math</Filter>
    </ClInclude>
    <ClInclude Include="..\Sources\Math\Line.h">
      <Filter>GraviEngine\Math</Filter>
    </ClInclude>
    <ClInclude Include="..\Sources\Math\Math.h">
      <Filter>GraviEngine\Math</Filter>
    </ClInclude>
    <ClInclude Include="..\Sources\Math\Matrix3.h">
      <Filter>GraviEngine\Math</Filter>
    </ClInclude>
    <ClInclude Include="..\Sources\Math\Matrix4.h">
      <Filter>GraviEngine\Math</Filter>
    </ClInclude>
    <ClInclude Include="..\Sources\Math\Plane.h">
      <Filter>GraviEngine\Math</Filter>
    </ClInclude>
    <ClInclude Include="..\Sources\Math\Quaternion.h">
      <Filter>GraviEngine\Math</Filter>
    </ClInclude>
    <ClInclude Include="..\Sources\Math\Random.h">
      <Filter>GraviEngine\Math</Filter>
    </ClInclude>
    <ClInclude Include="..\Sources\Math\Tensus.h">
      <Filter>GraviEngine\Math</Filter>
    </ClInclude>
    <ClInclude Include="..\Sources\Math\Vector3f.h">
      <Filter>GraviEngine\Math</Filter>
    </ClInclude>
    <ClInclude Include="..\Sources\Math\VectorField.h">
      <Filter>GraviEngine\Math</Filter>
    </ClInclude>
    <ClInclude Include="..\Sources\Constans.h">
      <Filter>GraviEngine</Filter>
    </ClInclude>
    <ClInclude Include="..\Sources\GameBase.h">
      <Filter>GraviEngine</Filter>
    </ClInclude>
    <ClInclude Include="..\Sources\Types.h">
      <Filter>GraviEngine</Filter>
    </ClInclude>
  </ItemGroup>
  <ItemGroup>
    <Filter Include="GraviEngine">
      <UniqueIdentifier>{4e652771-65a2-4540-8179-d43dbc53a00b}</UniqueIdentifier>
    </Filter>
    <Filter Include="GraviEngine\Core">
      <UniqueIdentifier>{56664599-aa02-4d9b-9618-06383f510688}</UniqueIdentifier>
    </Filter>
    <Filter Include="GraviEngine\Entity">
      <UniqueIdentifier>{293b2ce8-9f1e-46c0-9e09-8a546a7d382c}</UniqueIdentifier>
    </Filter>
    <Filter Include="GraviEngine\Math">
      <UniqueIdentifier>{b1cad2fa-4121-4000-98b1-e9a314523067}</UniqueIdentifier>
    </Filter>
  </ItemGroup>
</Project>